
Microsoft Visual Studio Solution File, Format Version 12.00
# Visual Studio 15
VisualStudioVersion = 15.0.27428.2011
MinimumVisualStudioVersion = 10.0.40219.1
Project("{8BC9CEB8-8B4A-11D0-8D11-00A0C91BC942}") = "CppBackendSvc", "CppBackendSvc\CppBackendSvc.vcxproj", "{1E5D5454-8216-42C1-A310-6FE6F1E6C0B7}"
EndProject
Global
	GlobalSection(SolutionConfigurationPlatforms) = preSolution
		DBTool|ARM = DBTool|ARM
		DBTool|x64 = DBTool|x64
		DBTool|x86 = DBTool|x86
		Debug|ARM = Debug|ARM
		Debug|x64 = Debug|x64
		Debug|x86 = Debug|x86
		Release|ARM = Release|ARM
		Release|x64 = Release|x64
		Release|x86 = Release|x86
		Test|ARM = Test|ARM
		Test|x64 = Test|x64
		Test|x86 = Test|x86
	EndGlobalSection
	GlobalSection(ProjectConfigurationPlatforms) = postSolution
		{1E5D5454-8216-42C1-A310-6FE6F1E6C0B7}.DBTool|ARM.ActiveCfg = DBTool|ARM
		{1E5D5454-8216-42C1-A310-6FE6F1E6C0B7}.DBTool|ARM.Build.0 = DBTool|ARM
		{1E5D5454-8216-42C1-A310-6FE6F1E6C0B7}.DBTool|x64.ActiveCfg = DBTool|x64
		{1E5D5454-8216-42C1-A310-6FE6F1E6C0B7}.DBTool|x64.Build.0 = DBTool|x64
		{1E5D5454-8216-42C1-A310-6FE6F1E6C0B7}.DBTool|x86.ActiveCfg = DBTool|x86
		{1E5D5454-8216-42C1-A310-6FE6F1E6C0B7}.DBTool|x86.Build.0 = DBTool|x86
		{1E5D5454-8216-42C1-A310-6FE6F1E6C0B7}.Debug|ARM.ActiveCfg = Debug|ARM
		{1E5D5454-8216-42C1-A310-6FE6F1E6C0B7}.Debug|ARM.Build.0 = Debug|ARM
		{1E5D5454-8216-42C1-A310-6FE6F1E6C0B7}.Debug|x64.ActiveCfg = Debug|x64
		{1E5D5454-8216-42C1-A310-6FE6F1E6C0B7}.Debug|x64.Build.0 = Debug|x64
		{1E5D5454-8216-42C1-A310-6FE6F1E6C0B7}.Debug|x86.ActiveCfg = Debug|x86
		{1E5D5454-8216-42C1-A310-6FE6F1E6C0B7}.Debug|x86.Build.0 = Debug|x86
		{1E5D5454-8216-42C1-A310-6FE6F1E6C0B7}.Release|ARM.ActiveCfg = Release|ARM
		{1E5D5454-8216-42C1-A310-6FE6F1E6C0B7}.Release|ARM.Build.0 = Release|ARM
		{1E5D5454-8216-42C1-A310-6FE6F1E6C0B7}.Release|x64.ActiveCfg = Release|x64
		{1E5D5454-8216-42C1-A310-6FE6F1E6C0B7}.Release|x64.Build.0 = Release|x64
		{1E5D5454-8216-42C1-A310-6FE6F1E6C0B7}.Release|x86.ActiveCfg = Release|x86
		{1E5D5454-8216-42C1-A310-6FE6F1E6C0B7}.Release|x86.Build.0 = Release|x86
		{1E5D5454-8216-42C1-A310-6FE6F1E6C0B7}.Test|ARM.ActiveCfg = Debug|ARM
		{1E5D5454-8216-42C1-A310-6FE6F1E6C0B7}.Test|ARM.Build.0 = Debug|ARM
		{1E5D5454-8216-42C1-A310-6FE6F1E6C0B7}.Test|x64.ActiveCfg = Test|x64
		{1E5D5454-8216-42C1-A310-6FE6F1E6C0B7}.Test|x64.Build.0 = Test|x64
		{1E5D5454-8216-42C1-A310-6FE6F1E6C0B7}.Test|x86.ActiveCfg = Debug|x86
		{1E5D5454-8216-42C1-A310-6FE6F1E6C0B7}.Test|x86.Build.0 = Debug|x86
	EndGlobalSection
	GlobalSection(SolutionProperties) = preSolution
		HideSolutionNode = FALSE
	EndGlobalSection
	GlobalSection(ExtensibilityGlobals) = postSolution
		SolutionGuid = {CE36FC6C-5E26-4BB0-AD47-5A7C2C20FF5C}
	EndGlobalSection
EndGlobal
